
Microsoft Visual Studio Solution File, Format Version 12.00
# Visual Studio Version 17
VisualStudioVersion = 17.2.32516.85
MinimumVisualStudioVersion = 10.0.40219.1
Project("{FAE04EC0-301F-11D3-BF4B-00C04F79EFBC}") = "EFCodeFirstApproach", "EFCodeFirstApproach\EFCodeFirstApproach.csproj", "{9DDED427-C527-40AC-80C3-35362488A7CA}"
EndProject
Global
	GlobalSection(SolutionConfigurationPlatforms) = preSolution
		Debug|Any CPU = Debug|Any CPU
		Release|Any CPU = Release|Any CPU
	EndGlobalSection
	GlobalSection(ProjectConfigurationPlatforms) = postSolution
		{9DDED427-C527-40AC-80C3-35362488A7CA}.Debug|Any CPU.ActiveCfg = Debug|Any CPU
		{9DDED427-C527-40AC-80C3-35362488A7CA}.Debug|Any CPU.Build.0 = Debug|Any CPU
		{9DDED427-C527-40AC-80C3-35362488A7CA}.Release|Any CPU.ActiveCfg = Release|Any CPU
		{9DDED427-C527-40AC-80C3-35362488A7CA}.Release|Any CPU.Build.0 = Release|Any CPU
	EndGlobalSection
	GlobalSection(SolutionProperties) = preSolution
		HideSolutionNode = FALSE
	EndGlobalSection
	GlobalSection(ExtensibilityGlobals) = postSolution
		SolutionGuid = {8D157676-D4AD-44E7-9AB3-BA8BFC6D4DC8}
	EndGlobalSection
EndGlobal
