
Microsoft Visual Studio Solution File, Format Version 12.00
# Visual Studio Version 17
VisualStudioVersion = 17.2.32516.85
MinimumVisualStudioVersion = 10.0.40219.1
Project("{FAE04EC0-301F-11D3-BF4B-00C04F79EFBC}") = "Scaffold_Column", "Scaffold_Column\Scaffold_Column.csproj", "{B72B7C07-C0F8-45C7-A97D-90BDE3816AB3}"
EndProject
Global
	GlobalSection(SolutionConfigurationPlatforms) = preSolution
		Debug|Any CPU = Debug|Any CPU
		Release|Any CPU = Release|Any CPU
	EndGlobalSection
	GlobalSection(ProjectConfigurationPlatforms) = postSolution
		{B72B7C07-C0F8-45C7-A97D-90BDE3816AB3}.Debug|Any CPU.ActiveCfg = Debug|Any CPU
		{B72B7C07-C0F8-45C7-A97D-90BDE3816AB3}.Debug|Any CPU.Build.0 = Debug|Any CPU
		{B72B7C07-C0F8-45C7-A97D-90BDE3816AB3}.Release|Any CPU.ActiveCfg = Release|Any CPU
		{B72B7C07-C0F8-45C7-A97D-90BDE3816AB3}.Release|Any CPU.Build.0 = Release|Any CPU
	EndGlobalSection
	GlobalSection(SolutionProperties) = preSolution
		HideSolutionNode = FALSE
	EndGlobalSection
	GlobalSection(ExtensibilityGlobals) = postSolution
		SolutionGuid = {9517018F-C802-479F-AB49-D4D212E3B39E}
	EndGlobalSection
EndGlobal
